{
  "name": "temp-geo",
  "version": "1.0.0",
  "lockfileVersion": 3,
  "requires": true,
  "packages": {
    "": {
      "name": "temp-geo",
      "version": "1.0.0",
      "license": "ISC",
      "dependencies": {
        "india-location-data": "^1.0.0",
        "indian-states-cities": "^1.0.2"
      }
    },
    "node_modules/india-location-data": {
      "version": "1.0.0",
      "resolved": "https://registry.npmjs.org/india-location-data/-/india-location-data-1.0.0.tgz",
      "integrity": "sha512-8m7Nsbj2rbTFZhyiAKx+92o3ttCTwbvwGwxUB8FeXGZteVM1JTr9Ih/FSdkDBwx7Ysw4HSQ6eWdSYI30atkwRg==",
      "license": "ISC"
    },
    "node_modules/indian-states-cities": {
      "version": "1.0.2",
      "resolved": "https://registry.npmjs.org/indian-states-cities/-/indian-states-cities-1.0.2.tgz",
      "integrity": "sha512-+J1GMbvw9LRajrldE+AcSixnO63/SCFtX1brt0mY+fvs6ggRcIy00m9QaaJgJcGOqbOb7TjRRNJ4cjG7mVyFqQ==",
      "license": "MIT"
    }
  }
}
